
Microsoft Visual Studio Solution File, Format Version 12.00
# Visual Studio Version 17
VisualStudioVersion = 17.6.33829.357
MinimumVisualStudioVersion = 10.0.40219.1
Project("{FAE04EC0-301F-11D3-BF4B-00C04F79EFBC}") = "SalesMvc", "SalesMvc\SalesMvc.csproj", "{5970B44B-0D63-434E-9A6E-5D0949AD329B}"
EndProject
Global
	GlobalSection(SolutionConfigurationPlatforms) = preSolution
		Debug|Any CPU = Debug|Any CPU
		Release|Any CPU = Release|Any CPU
	EndGlobalSection
	GlobalSection(ProjectConfigurationPlatforms) = postSolution
		{5970B44B-0D63-434E-9A6E-5D0949AD329B}.Debug|Any CPU.ActiveCfg = Debug|Any CPU
		{5970B44B-0D63-434E-9A6E-5D0949AD329B}.Debug|Any CPU.Build.0 = Debug|Any CPU
		{5970B44B-0D63-434E-9A6E-5D0949AD329B}.Release|Any CPU.ActiveCfg = Release|Any CPU
		{5970B44B-0D63-434E-9A6E-5D0949AD329B}.Release|Any CPU.Build.0 = Release|Any CPU
	EndGlobalSection
	GlobalSection(SolutionProperties) = preSolution
		HideSolutionNode = FALSE
	EndGlobalSection
	GlobalSection(ExtensibilityGlobals) = postSolution
		SolutionGuid = {D3A8335A-969A-4422-9127-21203B651D40}
	EndGlobalSection
EndGlobal
